// !$*UTF8*$!
{
	archiveVersion = 1;
	classes = {
	};
	objectVersion = 50;
	objects = {

/* Begin PBXBuildFile section */
		461898F221835490008C8203 /* AppDelegate.swift in Sources */ = {isa = PBXBuildFile; fileRef = 461898F121835490008C8203 /* AppDelegate.swift */; };
		461898F421835490008C8203 /* ViewController.swift in Sources */ = {isa = PBXBuildFile; fileRef = 461898F321835490008C8203 /* ViewController.swift */; };
		461898F721835490008C8203 /* Main.storyboard in Resources */ = {isa = PBXBuildFile; fileRef = 461898F521835490008C8203 /* Main.storyboard */; };
		461898FA21835490008C8203 /* OMKit.xcdatamodeld in Sources */ = {isa = PBXBuildFile; fileRef = 461898F821835490008C8203 /* OMKit.xcdatamodeld */; };
		461898FC21835493008C8203 /* Assets.xcassets in Resources */ = {isa = PBXBuildFile; fileRef = 461898FB21835493008C8203 /* Assets.xcassets */; };
		461898FF21835493008C8203 /* LaunchScreen.storyboard in Resources */ = {isa = PBXBuildFile; fileRef = 461898FD21835493008C8203 /* LaunchScreen.storyboard */; };
		4618990A21835493008C8203 /* OMKitTests.swift in Sources */ = {isa = PBXBuildFile; fileRef = 4618990921835493008C8203 /* OMKitTests.swift */; };
		4618991521835493008C8203 /* OMKitUITests.swift in Sources */ = {isa = PBXBuildFile; fileRef = 4618991421835493008C8203 /* OMKitUITests.swift */; };
		46189924218354F2008C8203 /* UIView+Extension.swift in Sources */ = {isa = PBXBuildFile; fileRef = 46189923218354F2008C8203 /* UIView+Extension.swift */; };
		4618992921835F1F008C8203 /* OMImage.swift in Sources */ = {isa = PBXBuildFile; fileRef = 4618992821835F1F008C8203 /* OMImage.swift */; };
		B658FA8F21FD650B009FFF6F /* OMCoreDataManager.swift in Sources */ = {isa = PBXBuildFile; fileRef = B658FA8C21FD650B009FFF6F /* OMCoreDataManager.swift */; };
		B658FA9021FD650B009FFF6F /* OMCoreData.xcdatamodeld in Sources */ = {isa = PBXBuildFile; fileRef = B658FA8D21FD650B009FFF6F /* OMCoreData.xcdatamodeld */; };
/* End PBXBuildFile section */

/* Begin PBXContainerItemProxy section */
		4618990621835493008C8203 /* PBXContainerItemProxy */ = {
			isa = PBXContainerItemProxy;
			containerPortal = 461898E621835490008C8203 /* Project object */;
			proxyType = 1;
			remoteGlobalIDString = 461898ED21835490008C8203;
			remoteInfo = OMKit;
		};
		4618991121835493008C8203 /* PBXContainerItemProxy */ = {
			isa = PBXContainerItemProxy;
			containerPortal = 461898E621835490008C8203 /* Project object */;
			proxyType = 1;
			remoteGlobalIDString = 461898ED21835490008C8203;
			remoteInfo = OMKit;
		};
/* End PBXContainerItemProxy section */

/* Begin PBXFileReference section */
		461898EE21835490008C8203 /* OMKit.app */ = {isa = PBXFileReference; explicitFileType = wrapper.application; includeInIndex = 0; path = OMKit.app; sourceTree = BUILT_PRODUCTS_DIR; };
		461898F121835490008C8203 /* AppDelegate.swift */ = {isa = PBXFileReference; lastKnownFileType = sourcecode.swift; path = AppDelegate.swift; sourceTree = "<group>"; };
		461898F321835490008C8203 /* ViewController.swift */ = {isa = PBXFileReference; lastKnownFileType = sourcecode.swift; path = ViewController.swift; sourceTree = "<group>"; };
		461898F621835490008C8203 /* Base */ = {isa = PBXFileReference; lastKnownFileType = file.storyboard; name = Base; path = Base.lproj/Main.storyboard; sourceTree = "<group>"; };
		461898F921835490008C8203 /* OMKit.xcdatamodel */ = {isa = PBXFileReference; lastKnownFileType = wrapper.xcdatamodel; path = OMKit.xcdatamodel; sourceTree = "<group>"; };
		461898FB21835493008C8203 /* Assets.xcassets */ = {isa = PBXFileReference; lastKnownFileType = folder.assetcatalog; path = Assets.xcassets; sourceTree = "<group>"; };
		461898FE21835493008C8203 /* Base */ = {isa = PBXFileReference; lastKnownFileType = file.storyboard; name = Base; path = Base.lproj/LaunchScreen.storyboard; sourceTree = "<group>"; };
		4618990021835493008C8203 /* Info.plist */ = {isa = PBXFileReference; lastKnownFileType = text.plist.xml; path = Info.plist; sourceTree = "<group>"; };
		4618990521835493008C8203 /* OMKitTests.xctest */ = {isa = PBXFileReference; explicitFileType = wrapper.cfbundle; includeInIndex = 0; path = OMKitTests.xctest; sourceTree = BUILT_PRODUCTS_DIR; };
		4618990921835493008C8203 /* OMKitTests.swift */ = {isa = PBXFileReference; lastKnownFileType = sourcecode.swift; path = OMKitTests.swift; sourceTree = "<group>"; };
		4618990B21835493008C8203 /* Info.plist */ = {isa = PBXFileReference; lastKnownFileType = text.plist.xml; path = Info.plist; sourceTree = "<group>"; };
		4618991021835493008C8203 /* OMKitUITests.xctest */ = {isa = PBXFileReference; explicitFileType = wrapper.cfbundle; includeInIndex = 0; path = OMKitUITests.xctest; sourceTree = BUILT_PRODUCTS_DIR; };
		4618991421835493008C8203 /* OMKitUITests.swift */ = {isa = PBXFileReference; lastKnownFileType = sourcecode.swift; path = OMKitUITests.swift; sourceTree = "<group>"; };
		4618991621835493008C8203 /* Info.plist */ = {isa = PBXFileReference; lastKnownFileType = text.plist.xml; path = Info.plist; sourceTree = "<group>"; };
		46189923218354F2008C8203 /* UIView+Extension.swift */ = {isa = PBXFileReference; lastKnownFileType = sourcecode.swift; path = "UIView+Extension.swift"; sourceTree = "<group>"; };
		4618992821835F1F008C8203 /* OMImage.swift */ = {isa = PBXFileReference; lastKnownFileType = sourcecode.swift; path = OMImage.swift; sourceTree = "<group>"; };
		B658FA8C21FD650B009FFF6F /* OMCoreDataManager.swift */ = {isa = PBXFileReference; fileEncoding = 4; lastKnownFileType = sourcecode.swift; path = OMCoreDataManager.swift; sourceTree = "<group>"; };
		B658FA8E21FD650B009FFF6F /* OMCoreData.xcdatamodel */ = {isa = PBXFileReference; lastKnownFileType = wrapper.xcdatamodel; path = OMCoreData.xcdatamodel; sourceTree = "<group>"; };
/* End PBXFileReference section */

/* Begin PBXFrameworksBuildPhase section */
		461898EB21835490008C8203 /* Frameworks */ = {
			isa = PBXFrameworksBuildPhase;
			buildActionMask = 2147483647;
			files = (
			);
			runOnlyForDeploymentPostprocessing = 0;
		};
		4618990221835493008C8203 /* Frameworks */ = {
			isa = PBXFrameworksBuildPhase;
			buildActionMask = 2147483647;
			files = (
			);
			runOnlyForDeploymentPostprocessing = 0;
		};
		4618990D21835493008C8203 /* Frameworks */ = {
			isa = PBXFrameworksBuildPhase;
			buildActionMask = 2147483647;
			files = (
			);
			runOnlyForDeploymentPostprocessing = 0;
		};
/* End PBXFrameworksBuildPhase section */

/* Begin PBXGroup section */
		461898E521835490008C8203 = {
			isa = PBXGroup;
			children = (
				461898F021835490008C8203 /* OMKit */,
				4618990821835493008C8203 /* OMKitTests */,
				4618991321835493008C8203 /* OMKitUITests */,
				461898EF21835490008C8203 /* Products */,
			);
			sourceTree = "<group>";
		};
		461898EF21835490008C8203 /* Products */ = {
			isa = PBXGroup;
			children = (
				461898EE21835490008C8203 /* OMKit.app */,
				4618990521835493008C8203 /* OMKitTests.xctest */,
				4618991021835493008C8203 /* OMKitUITests.xctest */,
			);
			name = Products;
			sourceTree = "<group>";
		};
		461898F021835490008C8203 /* OMKit */ = {
			isa = PBXGroup;
			children = (
				4618992521835EE3008C8203 /* Base */,
				46189922218354AE008C8203 /* Extension */,
				461898F121835490008C8203 /* AppDelegate.swift */,
				461898F321835490008C8203 /* ViewController.swift */,
				461898F521835490008C8203 /* Main.storyboard */,
				461898FB21835493008C8203 /* Assets.xcassets */,
				461898FD21835493008C8203 /* LaunchScreen.storyboard */,
				4618990021835493008C8203 /* Info.plist */,
				461898F821835490008C8203 /* OMKit.xcdatamodeld */,
			);
			path = OMKit;
			sourceTree = "<group>";
		};
		4618990821835493008C8203 /* OMKitTests */ = {
			isa = PBXGroup;
			children = (
				4618990921835493008C8203 /* OMKitTests.swift */,
				4618990B21835493008C8203 /* Info.plist */,
			);
			path = OMKitTests;
			sourceTree = "<group>";
		};
		4618991321835493008C8203 /* OMKitUITests */ = {
			isa = PBXGroup;
			children = (
				4618991421835493008C8203 /* OMKitUITests.swift */,
				4618991621835493008C8203 /* Info.plist */,
			);
			path = OMKitUITests;
			sourceTree = "<group>";
		};
		46189922218354AE008C8203 /* Extension */ = {
			isa = PBXGroup;
			children = (
				46189923218354F2008C8203 /* UIView+Extension.swift */,
			);
			path = Extension;
			sourceTree = "<group>";
		};
		4618992521835EE3008C8203 /* Base */ = {
			isa = PBXGroup;
			children = (
				B658FA8D21FD650B009FFF6F /* OMCoreData.xcdatamodeld */,
				B658FA8C21FD650B009FFF6F /* OMCoreDataManager.swift */,
				4618992821835F1F008C8203 /* OMImage.swift */,
			);
			path = Base;
			sourceTree = "<group>";
		};
/* End PBXGroup section */

/* Begin PBXNativeTarget section */
		461898ED21835490008C8203 /* OMKit */ = {
			isa = PBXNativeTarget;
			buildConfigurationList = 4618991921835493008C8203 /* Build configuration list for PBXNativeTarget "OMKit" */;
			buildPhases = (
				461898EA21835490008C8203 /* Sources */,
				461898EB21835490008C8203 /* Frameworks */,
				461898EC21835490008C8203 /* Resources */,
			);
			buildRules = (
			);
			dependencies = (
			);
			name = OMKit;
			productName = OMKit;
			productReference = 461898EE21835490008C8203 /* OMKit.app */;
			productType = "com.apple.product-type.application";
		};
		4618990421835493008C8203 /* OMKitTests */ = {
			isa = PBXNativeTarget;
			buildConfigurationList = 4618991C21835493008C8203 /* Build configuration list for PBXNativeTarget "OMKitTests" */;
			buildPhases = (
				4618990121835493008C8203 /* Sources */,
				4618990221835493008C8203 /* Frameworks */,
				4618990321835493008C8203 /* Resources */,
			);
			buildRules = (
			);
			dependencies = (
				4618990721835493008C8203 /* PBXTargetDependency */,
			);
			name = OMKitTests;
			productName = OMKitTests;
			productReference = 4618990521835493008C8203 /* OMKitTests.xctest */;
			productType = "com.apple.product-type.bundle.unit-test";
		};
		4618990F21835493008C8203 /* OMKitUITests */ = {
			isa = PBXNativeTarget;
			buildConfigurationList = 4618991F21835493008C8203 /* Build configuration list for PBXNativeTarget "OMKitUITests" */;
			buildPhases = (
				4618990C21835493008C8203 /* Sources */,
				4618990D21835493008C8203 /* Frameworks */,
				4618990E21835493008C8203 /* Resources */,
			);
			buildRules = (
			);
			dependencies = (
				4618991221835493008C8203 /* PBXTargetDependency */,
			);
			name = OMKitUITests;
			productName = OMKitUITests;
			productReference = 4618991021835493008C8203 /* OMKitUITests.xctest */;
			productType = "com.apple.product-type.bundle.ui-testing";
		};
/* End PBXNativeTarget section */

/* Begin PBXProject section */
		461898E621835490008C8203 /* Project object */ = {
			isa = PBXProject;
			attributes = {
				LastSwiftUpdateCheck = 1000;
				LastUpgradeCheck = 1000;
				ORGANIZATIONNAME = "幸福的小木子";
				TargetAttributes = {
					461898ED21835490008C8203 = {
						CreatedOnToolsVersion = 10.0;
					};
					4618990421835493008C8203 = {
						CreatedOnToolsVersion = 10.0;
						TestTargetID = 461898ED21835490008C8203;
					};
					4618990F21835493008C8203 = {
						CreatedOnToolsVersion = 10.0;
						TestTargetID = 461898ED21835490008C8203;
					};
				};
			};
			buildConfigurationList = 461898E921835490008C8203 /* Build configuration list for PBXProject "OMKit" */;
			compatibilityVersion = "Xcode 9.3";
			developmentRegion = en;
			hasScannedForEncodings = 0;
			knownRegions = (
				en,
				Base,
			);
			mainGroup = 461898E521835490008C8203;
			productRefGroup = 461898EF21835490008C8203 /* Products */;
			projectDirPath = "";
			projectRoot = "";
			targets = (
				461898ED21835490008C8203 /* OMKit */,
				4618990421835493008C8203 /* OMKitTests */,
				4618990F21835493008C8203 /* OMKitUITests */,
			);
		};
/* End PBXProject section */

/* Begin PBXResourcesBuildPhase section */
		461898EC21835490008C8203 /* Resources */ = {
			isa = PBXResourcesBuildPhase;
			buildActionMask = 2147483647;
			files = (
				461898FF21835493008C8203 /* LaunchScreen.storyboard in Resources */,
				461898FC21835493008C8203 /* Assets.xcassets in Resources */,
				461898F721835490008C8203 /* Main.storyboard in Resources */,
			);
			runOnlyForDeploymentPostprocessing = 0;
		};
		4618990321835493008C8203 /* Resources */ = {
			isa = PBXResourcesBuildPhase;
			buildActionMask = 2147483647;
			files = (
			);
			runOnlyForDeploymentPostprocessing = 0;
		};
		4618990E21835493008C8203 /* Resources */ = {
			isa = PBXResourcesBuildPhase;
			buildActionMask = 2147483647;
			files = (
			);
			runOnlyForDeploymentPostprocessing = 0;
		};
/* End PBXResourcesBuildPhase section */

/* Begin PBXSourcesBuildPhase section */
		461898EA21835490008C8203 /* Sources */ = {
			isa = PBXSourcesBuildPhase;
			buildActionMask = 2147483647;
			files = (
				461898FA21835490008C8203 /* OMKit.xcdatamodeld in Sources */,
				461898F421835490008C8203 /* ViewController.swift in Sources */,
				46189924218354F2008C8203 /* UIView+Extension.swift in Sources */,
				461898F221835490008C8203 /* AppDelegate.swift in Sources */,
				B658FA9021FD650B009FFF6F /* OMCoreData.xcdatamodeld in Sources */,
				B658FA8F21FD650B009FFF6F /* OMCoreDataManager.swift in Sources */,
				4618992921835F1F008C8203 /* OMImage.swift in Sources */,
			);
			runOnlyForDeploymentPostprocessing = 0;
		};
		4618990121835493008C8203 /* Sources */ = {
			isa = PBXSourcesBuildPhase;
			buildActionMask = 2147483647;
			files = (
				4618990A21835493008C8203 /* OMKitTests.swift in Sources */,
			);
			runOnlyForDeploymentPostprocessing = 0;
		};
		4618990C21835493008C8203 /* Sources */ = {
			isa = PBXSourcesBuildPhase;
			buildActionMask = 2147483647;
			files = (
				4618991521835493008C8203 /* OMKitUITests.swift in Sources */,
			);
			runOnlyForDeploymentPostprocessing = 0;
		};
/* End PBXSourcesBuildPhase section */

/* Begin PBXTargetDependency section */
		4618990721835493008C8203 /* PBXTargetDependency */ = {
			isa = PBXTargetDependency;
			target = 461898ED21835490008C8203 /* OMKit */;
			targetProxy = 4618990621835493008C8203 /* PBXContainerItemProxy */;
		};
		4618991221835493008C8203 /* PBXTargetDependency */ = {
			isa = PBXTargetDependency;
			target = 461898ED21835490008C8203 /* OMKit */;
			targetProxy = 4618991121835493008C8203 /* PBXContainerItemProxy */;
		};
/* End PBXTargetDependency section */

/* Begin PBXVariantGroup section */
		461898F521835490008C8203 /* Main.storyboard */ = {
			isa = PBXVariantGroup;
			children = (
				461898F621835490008C8203 /* Base */,
			);
			name = Main.storyboard;
			sourceTree = "<group>";
		};
		461898FD21835493008C8203 /* LaunchScreen.storyboard */ = {
			isa = PBXVariantGroup;
			children = (
				461898FE21835493008C8203 /* Base */,
			);
			name = LaunchScreen.storyboard;
			sourceTree = "<group>";
		};
/* End PBXVariantGroup section */

/* Begin XCBuildConfiguration section */
		4618991721835493008C8203 /* Debug */ = {
			isa = XCBuildConfiguration;
			buildSettings = {
				ALWAYS_SEARCH_USER_PATHS = NO;
				CLANG_ANALYZER_NONNULL = YES;
				CLANG_ANALYZER_NUMBER_OBJECT_CONVERSION = YES_AGGRESSIVE;
				CLANG_CXX_LANGUAGE_STANDARD = "gnu++14";
				CLANG_CXX_LIBRARY = "libc++";
				CLANG_ENABLE_MODULES = YES;
				CLANG_ENABLE_OBJC_ARC = YES;
				CLANG_ENABLE_OBJC_WEAK = YES;
				CLANG_WARN_BLOCK_CAPTURE_AUTORELEASING = YES;
				CLANG_WARN_BOOL_CONVERSION = YES;
				CLANG_WARN_COMMA = YES;
				CLANG_WARN_CONSTANT_CONVERSION = YES;
				CLANG_WARN_DEPRECATED_OBJC_IMPLEMENTATIONS = YES;
				CLANG_WARN_DIRECT_OBJC_ISA_USAGE = YES_ERROR;
				CLANG_WARN_DOCUMENTATION_COMMENTS = YES;
				CLANG_WARN_EMPTY_BODY = YES;
				CLANG_WARN_ENUM_CONVERSION = YES;
				CLANG_WARN_INFINITE_RECURSION = YES;
				CLANG_WARN_INT_CONVERSION = YES;
				CLANG_WARN_NON_LITERAL_NULL_CONVERSION = YES;
				CLANG_WARN_OBJC_IMPLICIT_RETAIN_SELF = YES;
				CLANG_WARN_OBJC_LITERAL_CONVERSION = YES;
				CLANG_WARN_OBJC_ROOT_CLASS = YES_ERROR;
				CLANG_WARN_RANGE_LOOP_ANALYSIS = YES;
				CLANG_WARN_STRICT_PROTOTYPES = YES;
				CLANG_WARN_SUSPICIOUS_MOVE = YES;
				CLANG_WARN_UNGUARDED_AVAILABILITY = YES_AGGRESSIVE;
				CLANG_WARN_UNREACHABLE_CODE = YES;
				CLANG_WARN__DUPLICATE_METHOD_MATCH = YES;
				CODE_SIGN_IDENTITY = "iPhone Developer";
				COPY_PHASE_STRIP = NO;
				DEBUG_INFORMATION_FORMAT = dwarf;
				ENABLE_STRICT_OBJC_MSGSEND = YES;
				ENABLE_TESTABILITY = YES;
				GCC_C_LANGUAGE_STANDARD = gnu11;
				GCC_DYNAMIC_NO_PIC = NO;
				GCC_NO_COMMON_BLOCKS = YES;
				GCC_OPTIMIZATION_LEVEL = 0;
				GCC_PREPROCESSOR_DEFINITIONS = (
					"DEBUG=1",
					"$(inherited)",
				);
				GCC_WARN_64_TO_32_BIT_CONVERSION = YES;
				GCC_WARN_ABOUT_RETURN_TYPE = YES_ERROR;
				GCC_WARN_UNDECLARED_SELECTOR = YES;
				GCC_WARN_UNINITIALIZED_AUTOS = YES_AGGRESSIVE;
				GCC_WARN_UNUSED_FUNCTION = YES;
				GCC_WARN_UNUSED_VARIABLE = YES;
				IPHONEOS_DEPLOYMENT_TARGET = 12.0;
				MTL_ENABLE_DEBUG_INFO = INCLUDE_SOURCE;
				MTL_FAST_MATH = YES;
				ONLY_ACTIVE_ARCH = YES;
				SDKROOT = iphoneos;
				SWIFT_ACTIVE_COMPILATION_CONDITIONS = DEBUG;
				SWIFT_OPTIMIZATION_LEVEL = "-Onone";
			};
			name = Debug;
		};
		4618991821835493008C8203 /* Release */ = {
			isa = XCBuildConfiguration;
			buildSettings = {
				ALWAYS_SEARCH_USER_PATHS = NO;
				CLANG_ANALYZER_NONNULL = YES;
				CLANG_ANALYZER_NUMBER_OBJECT_CONVERSION = YES_AGGRESSIVE;
				CLANG_CXX_LANGUAGE_STANDARD = "gnu++14";
				CLANG_CXX_LIBRARY = "libc++";
				CLANG_ENABLE_MODULES = YES;
				CLANG_ENABLE_OBJC_ARC = YES;
				CLANG_ENABLE_OBJC_WEAK = YES;
				CLANG_WARN_BLOCK_CAPTURE_AUTORELEASING = YES;
				CLANG_WARN_BOOL_CONVERSION = YES;
				CLANG_WARN_COMMA = YES;
				CLANG_WARN_CONSTANT_CONVERSION = YES;
				CLANG_WARN_DEPRECATED_OBJC_IMPLEMENTATIONS = YES;
				CLANG_WARN_DIRECT_OBJC_ISA_USAGE = YES_ERROR;
				CLANG_WARN_DOCUMENTATION_COMMENTS = YES;
				CLANG_WARN_EMPTY_BODY = YES;
				CLANG_WARN_ENUM_CONVERSION = YES;
				CLANG_WARN_INFINITE_RECURSION = YES;
				CLANG_WARN_INT_CONVERSION = YES;
				CLANG_WARN_NON_LITERAL_NULL_CONVERSION = YES;
				CLANG_WARN_OBJC_IMPLICIT_RETAIN_SELF = YES;
				CLANG_WARN_OBJC_LITERAL_CONVERSION = YES;
				CLANG_WARN_OBJC_ROOT_CLASS = YES_ERROR;
				CLANG_WARN_RANGE_LOOP_ANALYSIS = YES;
				CLANG_WARN_STRICT_PROTOTYPES = YES;
				CLANG_WARN_SUSPICIOUS_MOVE = YES;
				CLANG_WARN_UNGUARDED_AVAILABILITY = YES_AGGRESSIVE;
				CLANG_WARN_UNREACHABLE_CODE = YES;
				CLANG_WARN__DUPLICATE_METHOD_MATCH = YES;
				CODE_SIGN_IDENTITY = "iPhone Developer";
				COPY_PHASE_STRIP = NO;
				DEBUG_INFORMATION_FORMAT = "dwarf-with-dsym";
				ENABLE_NS_ASSERTIONS = NO;
				ENABLE_STRICT_OBJC_MSGSEND = YES;
				GCC_C_LANGUAGE_STANDARD = gnu11;
				GCC_NO_COMMON_BLOCKS = YES;
				GCC_WARN_64_TO_32_BIT_CONVERSION = YES;
				GCC_WARN_ABOUT_RETURN_TYPE = YES_ERROR;
				GCC_WARN_UNDECLARED_SELECTOR = YES;
				GCC_WARN_UNINITIALIZED_AUTOS = YES_AGGRESSIVE;
				GCC_WARN_UNUSED_FUNCTION = YES;
				GCC_WARN_UNUSED_VARIABLE = YES;
				IPHONEOS_DEPLOYMENT_TARGET = 12.0;
				MTL_ENABLE_DEBUG_INFO = NO;
				MTL_FAST_MATH = YES;
				SDKROOT = iphoneos;
				SWIFT_COMPILATION_MODE = wholemodule;
				SWIFT_OPTIMIZATION_LEVEL = "-O";
				VALIDATE_PRODUCT = YES;
			};
			name = Release;
		};
		4618991A21835493008C8203 /* Debug */ = {
			isa = XCBuildConfiguration;
			buildSettings = {
				ASSETCATALOG_COMPILER_APPICON_NAME = AppIcon;
				CODE_SIGN_STYLE = Automatic;
				DEVELOPMENT_TEAM = 24XGJH48UL;
				INFOPLIST_FILE = OMKit/Info.plist;
				LD_RUNPATH_SEARCH_PATHS = (
					"$(inherited)",
					"@executable_path/Frameworks",
				);
				PRODUCT_BUNDLE_IDENTIFIER = oymuzi.OMKit;
				PRODUCT_NAME = "$(TARGET_NAME)";
				SWIFT_VERSION = 4.2;
				TARGETED_DEVICE_FAMILY = "1,2";
			};
			name = Debug;
		};
		4618991B21835493008C8203 /* Release */ = {
			isa = XCBuildConfiguration;
			buildSettings = {
				ASSETCATALOG_COMPILER_APPICON_NAME = AppIcon;
				CODE_SIGN_STYLE = Automatic;
				DEVELOPMENT_TEAM = 24XGJH48UL;
				INFOPLIST_FILE = OMKit/Info.plist;
				LD_RUNPATH_SEARCH_PATHS = (
					"$(inherited)",
					"@executable_path/Frameworks",
				);
				PRODUCT_BUNDLE_IDENTIFIER = oymuzi.OMKit;
				PRODUCT_NAME = "$(TARGET_NAME)";
				SWIFT_VERSION = 4.2;
				TARGETED_DEVICE_FAMILY = "1,2";
			};
			name = Release;
		};
		4618991D21835493008C8203 /* Debug */ = {
			isa = XCBuildConfiguration;
			buildSettings = {
				ALWAYS_EMBED_SWIFT_STANDARD_LIBRARIES = YES;
				BUNDLE_LOADER = "$(TEST_HOST)";
				CODE_SIGN_STYLE = Automatic;
				DEVELOPMENT_TEAM = 24XGJH48UL;
				INFOPLIST_FILE = OMKitTests/Info.plist;
				LD_RUNPATH_SEARCH_PATHS = (
					"$(inherited)",
					"@executable_path/Frameworks",
					"@loader_path/Frameworks",
				);
				PRODUCT_BUNDLE_IDENTIFIER = oymuzi.OMKitTests;
				PRODUCT_NAME = "$(TARGET_NAME)";
				SWIFT_VERSION = 4.2;
				TARGETED_DEVICE_FAMILY = "1,2";
				TEST_HOST = "$(BUILT_PRODUCTS_DIR)/OMKit.app/OMKit";
			};
			name = Debug;
		};
		4618991E21835493008C8203 /* Release */ = {
			isa = XCBuildConfiguration;
			buildSettings = {
				ALWAYS_EMBED_SWIFT_STANDARD_LIBRARIES = YES;
				BUNDLE_LOADER = "$(TEST_HOST)";
				CODE_SIGN_STYLE = Automatic;
				DEVELOPMENT_TEAM = 24XGJH48UL;
				INFOPLIST_FILE = OMKitTests/Info.plist;
				LD_RUNPATH_SEARCH_PATHS = (
					"$(inherited)",
					"@executable_path/Frameworks",
					"@loader_path/Frameworks",
				);
				PRODUCT_BUNDLE_IDENTIFIER = oymuzi.OMKitTests;
				PRODUCT_NAME = "$(TARGET_NAME)";
				SWIFT_VERSION = 4.2;
				TARGETED_DEVICE_FAMILY = "1,2";
				TEST_HOST = "$(BUILT_PRODUCTS_DIR)/OMKit.app/OMKit";
			};
			name = Release;
		};
		4618992021835493008C8203 /* Debug */ = {
			isa = XCBuildConfiguration;
			buildSettings = {
				ALWAYS_EMBED_SWIFT_STANDARD_LIBRARIES = YES;
				CODE_SIGN_STYLE = Automatic;
				DEVELOPMENT_TEAM = 24XGJH48UL;
				INFOPLIST_FILE = OMKitUITests/Info.plist;
				LD_RUNPATH_SEARCH_PATHS = (
					"$(inherited)",
					"@executable_path/Frameworks",
					"@loader_path/Frameworks",
				);
				PRODUCT_BUNDLE_IDENTIFIER = oymuzi.OMKitUITests;
				PRODUCT_NAME = "$(TARGET_NAME)";
				SWIFT_VERSION = 4.2;
				TARGETED_DEVICE_FAMILY = "1,2";
				TEST_TARGET_NAME = OMKit;
			};
			name = Debug;
		};
		4618992121835493008C8203 /* Release */ = {
			isa = XCBuildConfiguration;
			buildSettings = {
				ALWAYS_EMBED_SWIFT_STANDARD_LIBRARIES = YES;
				CODE_SIGN_STYLE = Automatic;
				DEVELOPMENT_TEAM = 24XGJH48UL;
				INFOPLIST_FILE = OMKitUITests/Info.plist;
				LD_RUNPATH_SEARCH_PATHS = (
					"$(inherited)",
					"@executable_path/Frameworks",
					"@loader_path/Frameworks",
				);
				PRODUCT_BUNDLE_IDENTIFIER = oymuzi.OMKitUITests;
				PRODUCT_NAME = "$(TARGET_NAME)";
				SWIFT_VERSION = 4.2;
				TARGETED_DEVICE_FAMILY = "1,2";
				TEST_TARGET_NAME = OMKit;
			};
			name = Release;
		};
/* End XCBuildConfiguration section */

/* Begin XCConfigurationList section */
		461898E921835490008C8203 /* Build configuration list for PBXProject "OMKit" */ = {
			isa = XCConfigurationList;
			buildConfigurations = (
				4618991721835493008C8203 /* Debug */,
				4618991821835493008C8203 /* Release */,
			);
			defaultConfigurationIsVisible = 0;
			defaultConfigurationName = Release;
		};
		4618991921835493008C8203 /* Build configuration list for PBXNativeTarget "OMKit" */ = {
			isa = XCConfigurationList;
			buildConfigurations = (
				4618991A21835493008C8203 /* Debug */,
				4618991B21835493008C8203 /* Release */,
			);
			defaultConfigurationIsVisible = 0;
			defaultConfigurationName = Release;
		};
		4618991C21835493008C8203 /* Build configuration list for PBXNativeTarget "OMKitTests" */ = {
			isa = XCConfigurationList;
			buildConfigurations = (
				4618991D21835493008C8203 /* Debug */,
				4618991E21835493008C8203 /* Release */,
			);
			defaultConfigurationIsVisible = 0;
			defaultConfigurationName = Release;
		};
		4618991F21835493008C8203 /* Build configuration list for PBXNativeTarget "OMKitUITests" */ = {
			isa = XCConfigurationList;
			buildConfigurations = (
				4618992021835493008C8203 /* Debug */,
				4618992121835493008C8203 /* Release */,
			);
			defaultConfigurationIsVisible = 0;
			defaultConfigurationName = Release;
		};
/* End XCConfigurationList section */

/* Begin XCVersionGroup section */
		461898F821835490008C8203 /* OMKit.xcdatamodeld */ = {
			isa = XCVersionGroup;
			children = (
				461898F921835490008C8203 /* OMKit.xcdatamodel */,
			);
			currentVersion = 461898F921835490008C8203 /* OMKit.xcdatamodel */;
			path = OMKit.xcdatamodeld;
			sourceTree = "<group>";
			versionGroupType = wrapper.xcdatamodel;
		};
		B658FA8D21FD650B009FFF6F /* OMCoreData.xcdatamodeld */ = {
			isa = XCVersionGroup;
			children = (
				B658FA8E21FD650B009FFF6F /* OMCoreData.xcdatamodel */,
			);
			currentVersion = B658FA8E21FD650B009FFF6F /* OMCoreData.xcdatamodel */;
			path = OMCoreData.xcdatamodeld;
			sourceTree = "<group>";
			versionGroupType = wrapper.xcdatamodel;
		};
/* End XCVersionGroup section */
	};
	rootObject = 461898E621835490008C8203 /* Project object */;
}
